
Microsoft Visual Studio Solution File, Format Version 12.00
# Visual Studio Version 17
VisualStudioVersion = 17.14.36518.9
MinimumVisualStudioVersion = 10.0.40219.1
Project("{FAE04EC0-301F-11D3-BF4B-00C04F79EFBC}") = "Microondas.Domain", "Microondas.Domain\Microondas.Domain.csproj", "{72ECDC76-7B74-461A-92A5-E39835735750}"
EndProject
Project("{FAE04EC0-301F-11D3-BF4B-00C04F79EFBC}") = "Microondas.Test.Domain", "Microondas.Test.Domain\Microondas.Test.Domain.csproj", "{5DCDCDD2-0A30-46FE-8F9F-D01388691670}"
EndProject
Project("{FAE04EC0-301F-11D3-BF4B-00C04F79EFBC}") = "Microondas.Console", "Microondas.Console\Microondas.Console.csproj", "{39A30A91-2EFB-4CA1-BA58-9B473D2C344D}"
EndProject
Project("{FAE04EC0-301F-11D3-BF4B-00C04F79EFBC}") = "Microondas.Infraestructure", "Microondas.Infraestructure\Microondas.Infraestructure.csproj", "{B9A2AA82-3EDB-4B2F-97E3-089980118F91}"
EndProject
Project("{FAE04EC0-301F-11D3-BF4B-00C04F79EFBC}") = "Microondas.WPF", "Microondas.WPF\Microondas.WPF.csproj", "{9F1D6F8D-7C57-4119-945B-4A207A62C6E7}"
EndProject
Project("{FAE04EC0-301F-11D3-BF4B-00C04F79EFBC}") = "Microondas.WebApplication", "WebApplication1\Microondas.WebApplication.csproj", "{51C72F7F-61BC-44DD-9452-472D658BE28E}"
EndProject
Global
	GlobalSection(SolutionConfigurationPlatforms) = preSolution
		Debug|Any CPU = Debug|Any CPU
		Release|Any CPU = Release|Any CPU
	EndGlobalSection
	GlobalSection(ProjectConfigurationPlatforms) = postSolution
		{72ECDC76-7B74-461A-92A5-E39835735750}.Debug|Any CPU.ActiveCfg = Debug|Any CPU
		{72ECDC76-7B74-461A-92A5-E39835735750}.Debug|Any CPU.Build.0 = Debug|Any CPU
		{72ECDC76-7B74-461A-92A5-E39835735750}.Release|Any CPU.ActiveCfg = Release|Any CPU
		{72ECDC76-7B74-461A-92A5-E39835735750}.Release|Any CPU.Build.0 = Release|Any CPU
		{5DCDCDD2-0A30-46FE-8F9F-D01388691670}.Debug|Any CPU.ActiveCfg = Debug|Any CPU
		{5DCDCDD2-0A30-46FE-8F9F-D01388691670}.Debug|Any CPU.Build.0 = Debug|Any CPU
		{5DCDCDD2-0A30-46FE-8F9F-D01388691670}.Release|Any CPU.ActiveCfg = Release|Any CPU
		{5DCDCDD2-0A30-46FE-8F9F-D01388691670}.Release|Any CPU.Build.0 = Release|Any CPU
		{39A30A91-2EFB-4CA1-BA58-9B473D2C344D}.Debug|Any CPU.ActiveCfg = Debug|Any CPU
		{39A30A91-2EFB-4CA1-BA58-9B473D2C344D}.Debug|Any CPU.Build.0 = Debug|Any CPU
		{39A30A91-2EFB-4CA1-BA58-9B473D2C344D}.Release|Any CPU.ActiveCfg = Release|Any CPU
		{39A30A91-2EFB-4CA1-BA58-9B473D2C344D}.Release|Any CPU.Build.0 = Release|Any CPU
		{B9A2AA82-3EDB-4B2F-97E3-089980118F91}.Debug|Any CPU.ActiveCfg = Debug|Any CPU
		{B9A2AA82-3EDB-4B2F-97E3-089980118F91}.Debug|Any CPU.Build.0 = Debug|Any CPU
		{B9A2AA82-3EDB-4B2F-97E3-089980118F91}.Release|Any CPU.ActiveCfg = Release|Any CPU
		{B9A2AA82-3EDB-4B2F-97E3-089980118F91}.Release|Any CPU.Build.0 = Release|Any CPU
		{9F1D6F8D-7C57-4119-945B-4A207A62C6E7}.Debug|Any CPU.ActiveCfg = Debug|Any CPU
		{9F1D6F8D-7C57-4119-945B-4A207A62C6E7}.Debug|Any CPU.Build.0 = Debug|Any CPU
		{9F1D6F8D-7C57-4119-945B-4A207A62C6E7}.Release|Any CPU.ActiveCfg = Release|Any CPU
		{9F1D6F8D-7C57-4119-945B-4A207A62C6E7}.Release|Any CPU.Build.0 = Release|Any CPU
		{51C72F7F-61BC-44DD-9452-472D658BE28E}.Debug|Any CPU.ActiveCfg = Debug|Any CPU
		{51C72F7F-61BC-44DD-9452-472D658BE28E}.Debug|Any CPU.Build.0 = Debug|Any CPU
		{51C72F7F-61BC-44DD-9452-472D658BE28E}.Release|Any CPU.ActiveCfg = Release|Any CPU
		{51C72F7F-61BC-44DD-9452-472D658BE28E}.Release|Any CPU.Build.0 = Release|Any CPU
	EndGlobalSection
	GlobalSection(SolutionProperties) = preSolution
		HideSolutionNode = FALSE
	EndGlobalSection
	GlobalSection(ExtensibilityGlobals) = postSolution
		SolutionGuid = {CE0496EB-71FB-4871-A24F-204F4ED2AD04}
	EndGlobalSection
EndGlobal
